
Microsoft Visual Studio Solution File, Format Version 12.00
# Visual Studio Version 17
VisualStudioVersion = 17.4.33213.308
MinimumVisualStudioVersion = 10.0.40219.1
Project("{FAE04EC0-301F-11D3-BF4B-00C04F79EFBC}") = "TajimiNow", "TajimiNow\TajimiNow.csproj", "{82652845-FD57-4D4D-9A85-4B08199ED15B}"
EndProject
Global
	GlobalSection(SolutionConfigurationPlatforms) = preSolution
		Debug|Any CPU = Debug|Any CPU
		Release|Any CPU = Release|Any CPU
	EndGlobalSection
	GlobalSection(ProjectConfigurationPlatforms) = postSolution
		{82652845-FD57-4D4D-9A85-4B08199ED15B}.Debug|Any CPU.ActiveCfg = Debug|Any CPU
		{82652845-FD57-4D4D-9A85-4B08199ED15B}.Debug|Any CPU.Build.0 = Debug|Any CPU
		{82652845-FD57-4D4D-9A85-4B08199ED15B}.Release|Any CPU.ActiveCfg = Release|Any CPU
		{82652845-FD57-4D4D-9A85-4B08199ED15B}.Release|Any CPU.Build.0 = Release|Any CPU
	EndGlobalSection
	GlobalSection(SolutionProperties) = preSolution
		HideSolutionNode = FALSE
	EndGlobalSection
	GlobalSection(ExtensibilityGlobals) = postSolution
		SolutionGuid = {9CEFCA1F-E67B-497B-958F-F5FBD2E21D8D}
	EndGlobalSection
EndGlobal
